
Microsoft Visual Studio Solution File, Format Version 12.00
# Visual Studio Version 17
VisualStudioVersion = 17.9.34728.123
MinimumVisualStudioVersion = 10.0.40219.1
Project("{FAE04EC0-301F-11D3-BF4B-00C04F79EFBC}") = "eCommerce", "eCommerce.csproj", "{AE4F9AF8-2B4C-4804-8A6E-05BD78B1C269}"
EndProject
Global
	GlobalSection(SolutionConfigurationPlatforms) = preSolution
		Debug|Any CPU = Debug|Any CPU
		Release|Any CPU = Release|Any CPU
	EndGlobalSection
	GlobalSection(ProjectConfigurationPlatforms) = postSolution
		{AE4F9AF8-2B4C-4804-8A6E-05BD78B1C269}.Debug|Any CPU.ActiveCfg = Debug|Any CPU
		{AE4F9AF8-2B4C-4804-8A6E-05BD78B1C269}.Debug|Any CPU.Build.0 = Debug|Any CPU
		{AE4F9AF8-2B4C-4804-8A6E-05BD78B1C269}.Release|Any CPU.ActiveCfg = Release|Any CPU
		{AE4F9AF8-2B4C-4804-8A6E-05BD78B1C269}.Release|Any CPU.Build.0 = Release|Any CPU
	EndGlobalSection
	GlobalSection(SolutionProperties) = preSolution
		HideSolutionNode = FALSE
	EndGlobalSection
	GlobalSection(ExtensibilityGlobals) = postSolution
		SolutionGuid = {284F59A2-DF76-45D9-B425-657E172C56E2}
	EndGlobalSection
EndGlobal
